
Microsoft Visual Studio Solution File, Format Version 12.00
# Visual Studio Version 17
VisualStudioVersion = 17.14.37111.16
MinimumVisualStudioVersion = 10.0.40219.1
Project("{FAE04EC0-301F-11D3-BF4B-00C04F79EFBC}") = "ChatServer", "ChatServer\ChatServer.csproj", "{CFAD169C-0C4B-4627-98F0-5BECAE9393DA}"
EndProject
Project("{FAE04EC0-301F-11D3-BF4B-00C04F79EFBC}") = "ChatClient", "ChatClient\ChatClient.csproj", "{5EFB5456-8894-4B22-BFE1-A46F8BA710F1}"
EndProject
Project("{FAE04EC0-301F-11D3-BF4B-00C04F79EFBC}") = "Chat.Infrastructure", "Chat.Infrastructure\Chat.Infrastructure.csproj", "{422F6AD9-E3EB-4B56-BB6C-A5C5672E0DB8}"
EndProject
Global
	GlobalSection(SolutionConfigurationPlatforms) = preSolution
		Debug|Any CPU = Debug|Any CPU
		Debug|x64 = Debug|x64
		Debug|x86 = Debug|x86
		Release|Any CPU = Release|Any CPU
		Release|x64 = Release|x64
		Release|x86 = Release|x86
	EndGlobalSection
	GlobalSection(ProjectConfigurationPlatforms) = postSolution
		{CFAD169C-0C4B-4627-98F0-5BECAE9393DA}.Debug|Any CPU.ActiveCfg = Debug|Any CPU
		{CFAD169C-0C4B-4627-98F0-5BECAE9393DA}.Debug|Any CPU.Build.0 = Debug|Any CPU
		{CFAD169C-0C4B-4627-98F0-5BECAE9393DA}.Debug|x64.ActiveCfg = Debug|Any CPU
		{CFAD169C-0C4B-4627-98F0-5BECAE9393DA}.Debug|x64.Build.0 = Debug|Any CPU
		{CFAD169C-0C4B-4627-98F0-5BECAE9393DA}.Debug|x86.ActiveCfg = Debug|Any CPU
		{CFAD169C-0C4B-4627-98F0-5BECAE9393DA}.Debug|x86.Build.0 = Debug|Any CPU
		{CFAD169C-0C4B-4627-98F0-5BECAE9393DA}.Release|Any CPU.ActiveCfg = Release|Any CPU
		{CFAD169C-0C4B-4627-98F0-5BECAE9393DA}.Release|Any CPU.Build.0 = Release|Any CPU
		{CFAD169C-0C4B-4627-98F0-5BECAE9393DA}.Release|x64.ActiveCfg = Release|Any CPU
		{CFAD169C-0C4B-4627-98F0-5BECAE9393DA}.Release|x64.Build.0 = Release|Any CPU
		{CFAD169C-0C4B-4627-98F0-5BECAE9393DA}.Release|x86.ActiveCfg = Release|Any CPU
		{CFAD169C-0C4B-4627-98F0-5BECAE9393DA}.Release|x86.Build.0 = Release|Any CPU
		{5EFB5456-8894-4B22-BFE1-A46F8BA710F1}.Debug|Any CPU.ActiveCfg = Debug|Any CPU
		{5EFB5456-8894-4B22-BFE1-A46F8BA710F1}.Debug|Any CPU.Build.0 = Debug|Any CPU
		{5EFB5456-8894-4B22-BFE1-A46F8BA710F1}.Debug|x64.ActiveCfg = Debug|Any CPU
		{5EFB5456-8894-4B22-BFE1-A46F8BA710F1}.Debug|x64.Build.0 = Debug|Any CPU
		{5EFB5456-8894-4B22-BFE1-A46F8BA710F1}.Debug|x86.ActiveCfg = Debug|Any CPU
		{5EFB5456-8894-4B22-BFE1-A46F8BA710F1}.Debug|x86.Build.0 = Debug|Any CPU
		{5EFB5456-8894-4B22-BFE1-A46F8BA710F1}.Release|Any CPU.ActiveCfg = Release|Any CPU
		{5EFB5456-8894-4B22-BFE1-A46F8BA710F1}.Release|Any CPU.Build.0 = Release|Any CPU
		{5EFB5456-8894-4B22-BFE1-A46F8BA710F1}.Release|x64.ActiveCfg = Release|Any CPU
		{5EFB5456-8894-4B22-BFE1-A46F8BA710F1}.Release|x64.Build.0 = Release|Any CPU
		{5EFB5456-8894-4B22-BFE1-A46F8BA710F1}.Release|x86.ActiveCfg = Release|Any CPU
		{5EFB5456-8894-4B22-BFE1-A46F8BA710F1}.Release|x86.Build.0 = Release|Any CPU
		{422F6AD9-E3EB-4B56-BB6C-A5C5672E0DB8}.Debug|Any CPU.ActiveCfg = Debug|Any CPU
		{422F6AD9-E3EB-4B56-BB6C-A5C5672E0DB8}.Debug|Any CPU.Build.0 = Debug|Any CPU
		{422F6AD9-E3EB-4B56-BB6C-A5C5672E0DB8}.Debug|x64.ActiveCfg = Debug|Any CPU
		{422F6AD9-E3EB-4B56-BB6C-A5C5672E0DB8}.Debug|x64.Build.0 = Debug|Any CPU
		{422F6AD9-E3EB-4B56-BB6C-A5C5672E0DB8}.Debug|x86.ActiveCfg = Debug|Any CPU
		{422F6AD9-E3EB-4B56-BB6C-A5C5672E0DB8}.Debug|x86.Build.0 = Debug|Any CPU
		{422F6AD9-E3EB-4B56-BB6C-A5C5672E0DB8}.Release|Any CPU.ActiveCfg = Release|Any CPU
		{422F6AD9-E3EB-4B56-BB6C-A5C5672E0DB8}.Release|Any CPU.Build.0 = Release|Any CPU
		{422F6AD9-E3EB-4B56-BB6C-A5C5672E0DB8}.Release|x64.ActiveCfg = Release|Any CPU
		{422F6AD9-E3EB-4B56-BB6C-A5C5672E0DB8}.Release|x64.Build.0 = Release|Any CPU
		{422F6AD9-E3EB-4B56-BB6C-A5C5672E0DB8}.Release|x86.ActiveCfg = Release|Any CPU
		{422F6AD9-E3EB-4B56-BB6C-A5C5672E0DB8}.Release|x86.Build.0 = Release|Any CPU
	EndGlobalSection
	GlobalSection(SolutionProperties) = preSolution
		HideSolutionNode = FALSE
	EndGlobalSection
	GlobalSection(ExtensibilityGlobals) = postSolution
		SolutionGuid = {B9925A6A-F61D-43D7-8018-AEA3DC2E75B3}
	EndGlobalSection
EndGlobal
